
Microsoft Visual Studio Solution File, Format Version 12.00
# Visual Studio Version 17
VisualStudioVersion = 17.0.31903.59
MinimumVisualStudioVersion = 10.0.40219.1
Project("{FAE04EC0-301F-11D3-BF4B-00C04F79EFBC}") = "GFeonixBlog.Data", "GFeonixBlog.Data\GFeonixBlog.Data.csproj", "{CF171366-5D37-4303-B64B-AE734CEDDE4E}"
EndProject
Project("{FAE04EC0-301F-11D3-BF4B-00C04F79EFBC}") = "GFeonixBlog.Migrate", "GFeonixBlog.Migrate\GFeonixBlog.Migrate.csproj", "{CFAEDE3A-1383-418F-B66E-46E3C1D21C0C}"
EndProject
Project("{FAE04EC0-301F-11D3-BF4B-00C04F79EFBC}") = "GFeonixBlog.Api", "GFeonixBlog.Api\GFeonixBlog.Api.csproj", "{459FF669-4E95-4586-964B-CCAE8421A63D}"
EndProject
Global
	GlobalSection(SolutionConfigurationPlatforms) = preSolution
		Debug|Any CPU = Debug|Any CPU
		Release|Any CPU = Release|Any CPU
	EndGlobalSection
	GlobalSection(SolutionProperties) = preSolution
		HideSolutionNode = FALSE
	EndGlobalSection
	GlobalSection(ProjectConfigurationPlatforms) = postSolution
		{CF171366-5D37-4303-B64B-AE734CEDDE4E}.Debug|Any CPU.ActiveCfg = Debug|Any CPU
		{CF171366-5D37-4303-B64B-AE734CEDDE4E}.Debug|Any CPU.Build.0 = Debug|Any CPU
		{CF171366-5D37-4303-B64B-AE734CEDDE4E}.Release|Any CPU.ActiveCfg = Release|Any CPU
		{CF171366-5D37-4303-B64B-AE734CEDDE4E}.Release|Any CPU.Build.0 = Release|Any CPU
		{CFAEDE3A-1383-418F-B66E-46E3C1D21C0C}.Debug|Any CPU.ActiveCfg = Debug|Any CPU
		{CFAEDE3A-1383-418F-B66E-46E3C1D21C0C}.Debug|Any CPU.Build.0 = Debug|Any CPU
		{CFAEDE3A-1383-418F-B66E-46E3C1D21C0C}.Release|Any CPU.ActiveCfg = Release|Any CPU
		{CFAEDE3A-1383-418F-B66E-46E3C1D21C0C}.Release|Any CPU.Build.0 = Release|Any CPU
		{459FF669-4E95-4586-964B-CCAE8421A63D}.Debug|Any CPU.ActiveCfg = Debug|Any CPU
		{459FF669-4E95-4586-964B-CCAE8421A63D}.Debug|Any CPU.Build.0 = Debug|Any CPU
		{459FF669-4E95-4586-964B-CCAE8421A63D}.Release|Any CPU.ActiveCfg = Release|Any CPU
		{459FF669-4E95-4586-964B-CCAE8421A63D}.Release|Any CPU.Build.0 = Release|Any CPU
	EndGlobalSection
EndGlobal
